
Microsoft Visual Studio Solution File, Format Version 12.00
# Visual Studio Version 16
VisualStudioVersion = 16.0.29613.14
MinimumVisualStudioVersion = 10.0.40219.1
Project("{FAE04EC0-301F-11D3-BF4B-00C04F79EFBC}") = "Task5", "Task5\Task5.csproj", "{3BB67302-3A04-4A37-B41F-A944D3CB527A}"
EndProject
Global
	GlobalSection(SolutionConfigurationPlatforms) = preSolution
		Debug|Any CPU = Debug|Any CPU
		Release|Any CPU = Release|Any CPU
	EndGlobalSection
	GlobalSection(ProjectConfigurationPlatforms) = postSolution
		{3BB67302-3A04-4A37-B41F-A944D3CB527A}.Debug|Any CPU.ActiveCfg = Debug|Any CPU
		{3BB67302-3A04-4A37-B41F-A944D3CB527A}.Debug|Any CPU.Build.0 = Debug|Any CPU
		{3BB67302-3A04-4A37-B41F-A944D3CB527A}.Release|Any CPU.ActiveCfg = Release|Any CPU
		{3BB67302-3A04-4A37-B41F-A944D3CB527A}.Release|Any CPU.Build.0 = Release|Any CPU
	EndGlobalSection
	GlobalSection(SolutionProperties) = preSolution
		HideSolutionNode = FALSE
	EndGlobalSection
	GlobalSection(ExtensibilityGlobals) = postSolution
		SolutionGuid = {F372ECA2-EE25-45F1-9942-D79B84E8066F}
	EndGlobalSection
EndGlobal
